
Microsoft Visual Studio Solution File, Format Version 12.00
# Visual Studio Version 16
VisualStudioVersion = 16.0.30413.136
MinimumVisualStudioVersion = 10.0.40219.1
Project("{888888A0-9F3D-457C-B088-3A5042F75D52}") = "Ariff diff type py", "Ariff diff type py\Ariff diff type py.pyproj", "{97801723-5006-4015-9C21-012F85AF9650}"
EndProject
Global
	GlobalSection(SolutionConfigurationPlatforms) = preSolution
		Debug|Any CPU = Debug|Any CPU
		Release|Any CPU = Release|Any CPU
	EndGlobalSection
	GlobalSection(ProjectConfigurationPlatforms) = postSolution
		{97801723-5006-4015-9C21-012F85AF9650}.Debug|Any CPU.ActiveCfg = Debug|Any CPU
		{97801723-5006-4015-9C21-012F85AF9650}.Release|Any CPU.ActiveCfg = Release|Any CPU
	EndGlobalSection
	GlobalSection(SolutionProperties) = preSolution
		HideSolutionNode = FALSE
	EndGlobalSection
	GlobalSection(ExtensibilityGlobals) = postSolution
		SolutionGuid = {CCFA4F18-82FE-46FC-8761-DF71E2555A51}
	EndGlobalSection
EndGlobal
