
Microsoft Visual Studio Solution File, Format Version 12.00
# Visual Studio Version 16
VisualStudioVersion = 16.0.30413.136
MinimumVisualStudioVersion = 10.0.40219.1
Project("{888888A0-9F3D-457C-B088-3A5042F75D52}") = "powerof2", "powerof2\powerof2.pyproj", "{FA240A83-7BD2-48FC-BEC9-1F84BACE647E}"
EndProject
Global
	GlobalSection(SolutionConfigurationPlatforms) = preSolution
		Debug|Any CPU = Debug|Any CPU
		Release|Any CPU = Release|Any CPU
	EndGlobalSection
	GlobalSection(ProjectConfigurationPlatforms) = postSolution
		{FA240A83-7BD2-48FC-BEC9-1F84BACE647E}.Debug|Any CPU.ActiveCfg = Debug|Any CPU
		{FA240A83-7BD2-48FC-BEC9-1F84BACE647E}.Release|Any CPU.ActiveCfg = Release|Any CPU
	EndGlobalSection
	GlobalSection(SolutionProperties) = preSolution
		HideSolutionNode = FALSE
	EndGlobalSection
	GlobalSection(ExtensibilityGlobals) = postSolution
		SolutionGuid = {FED7F57F-E45C-456D-B825-9A3593EAFCB1}
	EndGlobalSection
EndGlobal
