
Microsoft Visual Studio Solution File, Format Version 12.00
# Visual Studio Version 16
VisualStudioVersion = 16.0.30413.136
MinimumVisualStudioVersion = 10.0.40219.1
Project("{888888A0-9F3D-457C-B088-3A5042F75D52}") = "area py", "area py\area py.pyproj", "{8089DAE1-DCDC-4A59-8517-4823559EDE62}"
EndProject
Global
	GlobalSection(SolutionConfigurationPlatforms) = preSolution
		Debug|Any CPU = Debug|Any CPU
		Release|Any CPU = Release|Any CPU
	EndGlobalSection
	GlobalSection(ProjectConfigurationPlatforms) = postSolution
		{8089DAE1-DCDC-4A59-8517-4823559EDE62}.Debug|Any CPU.ActiveCfg = Debug|Any CPU
		{8089DAE1-DCDC-4A59-8517-4823559EDE62}.Release|Any CPU.ActiveCfg = Release|Any CPU
	EndGlobalSection
	GlobalSection(SolutionProperties) = preSolution
		HideSolutionNode = FALSE
	EndGlobalSection
	GlobalSection(ExtensibilityGlobals) = postSolution
		SolutionGuid = {73EDBEEF-C2BE-41DC-8D20-BB2C39E398C1}
	EndGlobalSection
EndGlobal
