
Microsoft Visual Studio Solution File, Format Version 12.00
# Visual Studio Version 16
VisualStudioVersion = 16.0.30413.136
MinimumVisualStudioVersion = 10.0.40219.1
Project("{888888A0-9F3D-457C-B088-3A5042F75D52}") = "pow py", "pow py\pow py.pyproj", "{3326B84A-2B44-42C5-926A-BF1E926695BD}"
EndProject
Global
	GlobalSection(SolutionConfigurationPlatforms) = preSolution
		Debug|Any CPU = Debug|Any CPU
		Release|Any CPU = Release|Any CPU
	EndGlobalSection
	GlobalSection(ProjectConfigurationPlatforms) = postSolution
		{3326B84A-2B44-42C5-926A-BF1E926695BD}.Debug|Any CPU.ActiveCfg = Debug|Any CPU
		{3326B84A-2B44-42C5-926A-BF1E926695BD}.Release|Any CPU.ActiveCfg = Release|Any CPU
	EndGlobalSection
	GlobalSection(SolutionProperties) = preSolution
		HideSolutionNode = FALSE
	EndGlobalSection
	GlobalSection(ExtensibilityGlobals) = postSolution
		SolutionGuid = {FE76A53D-34B5-4EBA-A397-8093B387BD4A}
	EndGlobalSection
EndGlobal
